
Microsoft Visual Studio Solution File, Format Version 12.00
# Visual Studio Version 16
VisualStudioVersion = 16.0.32802.440
MinimumVisualStudioVersion = 10.0.40219.1
Project("{FAE04EC0-301F-11D3-BF4B-00C04F79EFBC}") = "ProTVUploader", "UrlArray\ProTVUploader.csproj", "{B4BF3E13-10B2-42A1-9197-4F245389ACFD}"
EndProject
Global
	GlobalSection(SolutionConfigurationPlatforms) = preSolution
		Debug|Any CPU = Debug|Any CPU
		Release|Any CPU = Release|Any CPU
	EndGlobalSection
	GlobalSection(ProjectConfigurationPlatforms) = postSolution
		{B4BF3E13-10B2-42A1-9197-4F245389ACFD}.Debug|Any CPU.ActiveCfg = Debug|Any CPU
		{B4BF3E13-10B2-42A1-9197-4F245389ACFD}.Debug|Any CPU.Build.0 = Debug|Any CPU
		{B4BF3E13-10B2-42A1-9197-4F245389ACFD}.Release|Any CPU.ActiveCfg = Release|Any CPU
		{B4BF3E13-10B2-42A1-9197-4F245389ACFD}.Release|Any CPU.Build.0 = Release|Any CPU
	EndGlobalSection
	GlobalSection(SolutionProperties) = preSolution
		HideSolutionNode = FALSE
	EndGlobalSection
	GlobalSection(ExtensibilityGlobals) = postSolution
		SolutionGuid = {360EAED1-41FC-4E29-9DBE-D61EA8873BE0}
	EndGlobalSection
EndGlobal
